// !$*UTF8*$!
{
	archiveVersion = 1;
	classes = {
	};
	objectVersion = 46;
	objects = {

/* Begin PBXBuildFile section */
		1F148C2316B428940023DE9A /* Cocoa.framework in Frameworks */ = {isa = PBXBuildFile; fileRef = 1F148C2216B428940023DE9A /* Cocoa.framework */; };
		1F148C2D16B428940023DE9A /* InfoPlist.strings in Resources */ = {isa = PBXBuildFile; fileRef = 1F148C2B16B428940023DE9A /* InfoPlist.strings */; };
		1F148C2F16B428940023DE9A /* main.m in Sources */ = {isa = PBXBuildFile; fileRef = 1F148C2E16B428940023DE9A /* main.m */; };
		1F148C3316B428940023DE9A /* Credits.rtf in Resources */ = {isa = PBXBuildFile; fileRef = 1F148C3116B428940023DE9A /* Credits.rtf */; };
		1F148C3616B428940023DE9A /* AppDelegate.m in Sources */ = {isa = PBXBuildFile; fileRef = 1F148C3516B428940023DE9A /* AppDelegate.m */; };
		1F148C3916B428950023DE9A /* MainMenu.xib in Resources */ = {isa = PBXBuildFile; fileRef = 1F148C3716B428950023DE9A /* MainMenu.xib */; };
		1F148C4116B428950023DE9A /* SenTestingKit.framework in Frameworks */ = {isa = PBXBuildFile; fileRef = 1F148C4016B428950023DE9A /* SenTestingKit.framework */; };
		1F148C4216B428950023DE9A /* Cocoa.framework in Frameworks */ = {isa = PBXBuildFile; fileRef = 1F148C2216B428940023DE9A /* Cocoa.framework */; };
		1F148C4A16B428950023DE9A /* InfoPlist.strings in Resources */ = {isa = PBXBuildFile; fileRef = 1F148C4816B428950023DE9A /* InfoPlist.strings */; };
		1F148C4D16B428950023DE9A /* SimpleteappTests.m in Sources */ = {isa = PBXBuildFile; fileRef = 1F148C4C16B428950023DE9A /* SimpleteappTests.m */; };
		1F811F1A16B440F500930532 /* hideme.icns in Resources */ = {isa = PBXBuildFile; fileRef = 1F811F1916B440F500930532 /* hideme.icns */; };
/* End PBXBuildFile section */

/* Begin PBXContainerItemProxy section */
		1F148C4316B428950023DE9A /* PBXContainerItemProxy */ = {
			isa = PBXContainerItemProxy;
			containerPortal = 1F148C1516B428940023DE9A /* Project object */;
			proxyType = 1;
			remoteGlobalIDString = 1F148C1D16B428940023DE9A;
			remoteInfo = Simpleteapp;
		};
/* End PBXContainerItemProxy section */

/* Begin PBXFileReference section */
		1F148C1E16B428940023DE9A /* Simpleteapp.app */ = {isa = PBXFileReference; explicitFileType = wrapper.application; includeInIndex = 0; path = Simpleteapp.app; sourceTree = BUILT_PRODUCTS_DIR; };
		1F148C2216B428940023DE9A /* Cocoa.framework */ = {isa = PBXFileReference; lastKnownFileType = wrapper.framework; name = Cocoa.framework; path = System/Library/Frameworks/Cocoa.framework; sourceTree = SDKROOT; };
		1F148C2516B428940023DE9A /* AppKit.framework */ = {isa = PBXFileReference; lastKnownFileType = wrapper.framework; name = AppKit.framework; path = System/Library/Frameworks/AppKit.framework; sourceTree = SDKROOT; };
		1F148C2616B428940023DE9A /* CoreData.framework */ = {isa = PBXFileReference; lastKnownFileType = wrapper.framework; name = CoreData.framework; path = System/Library/Frameworks/CoreData.framework; sourceTree = SDKROOT; };
		1F148C2716B428940023DE9A /* Foundation.framework */ = {isa = PBXFileReference; lastKnownFileType = wrapper.framework; name = Foundation.framework; path = System/Library/Frameworks/Foundation.framework; sourceTree = SDKROOT; };
		1F148C2A16B428940023DE9A /* Simpleteapp-Info.plist */ = {isa = PBXFileReference; lastKnownFileType = text.plist.xml; path = "Simpleteapp-Info.plist"; sourceTree = "<group>"; };
		1F148C2C16B428940023DE9A /* en */ = {isa = PBXFileReference; lastKnownFileType = text.plist.strings; name = en; path = en.lproj/InfoPlist.strings; sourceTree = "<group>"; };
		1F148C2E16B428940023DE9A /* main.m */ = {isa = PBXFileReference; lastKnownFileType = sourcecode.c.objc; path = main.m; sourceTree = "<group>"; };
		1F148C3016B428940023DE9A /* Simpleteapp-Prefix.pch */ = {isa = PBXFileReference; lastKnownFileType = sourcecode.c.h; path = "Simpleteapp-Prefix.pch"; sourceTree = "<group>"; };
		1F148C3216B428940023DE9A /* en */ = {isa = PBXFileReference; lastKnownFileType = text.rtf; name = en; path = en.lproj/Credits.rtf; sourceTree = "<group>"; };
		1F148C3416B428940023DE9A /* AppDelegate.h */ = {isa = PBXFileReference; lastKnownFileType = sourcecode.c.h; path = AppDelegate.h; sourceTree = "<group>"; };
		1F148C3516B428940023DE9A /* AppDelegate.m */ = {isa = PBXFileReference; lastKnownFileType = sourcecode.c.objc; path = AppDelegate.m; sourceTree = "<group>"; };
		1F148C3816B428950023DE9A /* en */ = {isa = PBXFileReference; lastKnownFileType = file.xib; name = en; path = en.lproj/MainMenu.xib; sourceTree = "<group>"; };
		1F148C3F16B428950023DE9A /* SimpleteappTests.octest */ = {isa = PBXFileReference; explicitFileType = wrapper.cfbundle; includeInIndex = 0; path = SimpleteappTests.octest; sourceTree = BUILT_PRODUCTS_DIR; };
		1F148C4016B428950023DE9A /* SenTestingKit.framework */ = {isa = PBXFileReference; lastKnownFileType = wrapper.framework; name = SenTestingKit.framework; path = Library/Frameworks/SenTestingKit.framework; sourceTree = DEVELOPER_DIR; };
		1F148C4716B428950023DE9A /* SimpleteappTests-Info.plist */ = {isa = PBXFileReference; lastKnownFileType = text.plist.xml; path = "SimpleteappTests-Info.plist"; sourceTree = "<group>"; };
		1F148C4916B428950023DE9A /* en */ = {isa = PBXFileReference; lastKnownFileType = text.plist.strings; name = en; path = en.lproj/InfoPlist.strings; sourceTree = "<group>"; };
		1F148C4B16B428950023DE9A /* SimpleteappTests.h */ = {isa = PBXFileReference; lastKnownFileType = sourcecode.c.h; path = SimpleteappTests.h; sourceTree = "<group>"; };
		1F148C4C16B428950023DE9A /* SimpleteappTests.m */ = {isa = PBXFileReference; lastKnownFileType = sourcecode.c.objc; path = SimpleteappTests.m; sourceTree = "<group>"; };
		1F811F1916B440F500930532 /* hideme.icns */ = {isa = PBXFileReference; lastKnownFileType = image.icns; path = hideme.icns; sourceTree = "<group>"; };
/* End PBXFileReference section */

/* Begin PBXFrameworksBuildPhase section */
		1F148C1B16B428940023DE9A /* Frameworks */ = {
			isa = PBXFrameworksBuildPhase;
			buildActionMask = 2147483647;
			files = (
				1F148C2316B428940023DE9A /* Cocoa.framework in Frameworks */,
			);
			runOnlyForDeploymentPostprocessing = 0;
		};
		1F148C3B16B428950023DE9A /* Frameworks */ = {
			isa = PBXFrameworksBuildPhase;
			buildActionMask = 2147483647;
			files = (
				1F148C4116B428950023DE9A /* SenTestingKit.framework in Frameworks */,
				1F148C4216B428950023DE9A /* Cocoa.framework in Frameworks */,
			);
			runOnlyForDeploymentPostprocessing = 0;
		};
/* End PBXFrameworksBuildPhase section */

/* Begin PBXGroup section */
		1F148C1316B428940023DE9A = {
			isa = PBXGroup;
			children = (
				1F811F1916B440F500930532 /* hideme.icns */,
				1F148C2816B428940023DE9A /* Simpleteapp */,
				1F148C4516B428950023DE9A /* SimpleteappTests */,
				1F148C2116B428940023DE9A /* Frameworks */,
				1F148C1F16B428940023DE9A /* Products */,
			);
			sourceTree = "<group>";
		};
		1F148C1F16B428940023DE9A /* Products */ = {
			isa = PBXGroup;
			children = (
				1F148C1E16B428940023DE9A /* Simpleteapp.app */,
				1F148C3F16B428950023DE9A /* SimpleteappTests.octest */,
			);
			name = Products;
			sourceTree = "<group>";
		};
		1F148C2116B428940023DE9A /* Frameworks */ = {
			isa = PBXGroup;
			children = (
				1F148C2216B428940023DE9A /* Cocoa.framework */,
				1F148C4016B428950023DE9A /* SenTestingKit.framework */,
				1F148C2416B428940023DE9A /* Other Frameworks */,
			);
			name = Frameworks;
			sourceTree = "<group>";
		};
		1F148C2416B428940023DE9A /* Other Frameworks */ = {
			isa = PBXGroup;
			children = (
				1F148C2516B428940023DE9A /* AppKit.framework */,
				1F148C2616B428940023DE9A /* CoreData.framework */,
				1F148C2716B428940023DE9A /* Foundation.framework */,
			);
			name = "Other Frameworks";
			sourceTree = "<group>";
		};
		1F148C2816B428940023DE9A /* Simpleteapp */ = {
			isa = PBXGroup;
			children = (
				1F148C3416B428940023DE9A /* AppDelegate.h */,
				1F148C3516B428940023DE9A /* AppDelegate.m */,
				1F148C3716B428950023DE9A /* MainMenu.xib */,
				1F148C2916B428940023DE9A /* Supporting Files */,
			);
			path = Simpleteapp;
			sourceTree = "<group>";
		};
		1F148C2916B428940023DE9A /* Supporting Files */ = {
			isa = PBXGroup;
			children = (
				1F148C2A16B428940023DE9A /* Simpleteapp-Info.plist */,
				1F148C2B16B428940023DE9A /* InfoPlist.strings */,
				1F148C2E16B428940023DE9A /* main.m */,
				1F148C3016B428940023DE9A /* Simpleteapp-Prefix.pch */,
				1F148C3116B428940023DE9A /* Credits.rtf */,
			);
			name = "Supporting Files";
			sourceTree = "<group>";
		};
		1F148C4516B428950023DE9A /* SimpleteappTests */ = {
			isa = PBXGroup;
			children = (
				1F148C4B16B428950023DE9A /* SimpleteappTests.h */,
				1F148C4C16B428950023DE9A /* SimpleteappTests.m */,
				1F148C4616B428950023DE9A /* Supporting Files */,
			);
			path = SimpleteappTests;
			sourceTree = "<group>";
		};
		1F148C4616B428950023DE9A /* Supporting Files */ = {
			isa = PBXGroup;
			children = (
				1F148C4716B428950023DE9A /* SimpleteappTests-Info.plist */,
				1F148C4816B428950023DE9A /* InfoPlist.strings */,
			);
			name = "Supporting Files";
			sourceTree = "<group>";
		};
/* End PBXGroup section */

/* Begin PBXNativeTarget section */
		1F148C1D16B428940023DE9A /* Simpleteapp */ = {
			isa = PBXNativeTarget;
			buildConfigurationList = 1F148C5016B428950023DE9A /* Build configuration list for PBXNativeTarget "Simpleteapp" */;
			buildPhases = (
				1F148C1A16B428940023DE9A /* Sources */,
				1F148C1B16B428940023DE9A /* Frameworks */,
				1F148C1C16B428940023DE9A /* Resources */,
			);
			buildRules = (
			);
			dependencies = (
			);
			name = Simpleteapp;
			productName = Simpleteapp;
			productReference = 1F148C1E16B428940023DE9A /* Simpleteapp.app */;
			productType = "com.apple.product-type.application";
		};
		1F148C3E16B428950023DE9A /* SimpleteappTests */ = {
			isa = PBXNativeTarget;
			buildConfigurationList = 1F148C5316B428950023DE9A /* Build configuration list for PBXNativeTarget "SimpleteappTests" */;
			buildPhases = (
				1F148C3A16B428950023DE9A /* Sources */,
				1F148C3B16B428950023DE9A /* Frameworks */,
				1F148C3C16B428950023DE9A /* Resources */,
				1F148C3D16B428950023DE9A /* ShellScript */,
			);
			buildRules = (
			);
			dependencies = (
				1F148C4416B428950023DE9A /* PBXTargetDependency */,
			);
			name = SimpleteappTests;
			productName = SimpleteappTests;
			productReference = 1F148C3F16B428950023DE9A /* SimpleteappTests.octest */;
			productType = "com.apple.product-type.bundle";
		};
/* End PBXNativeTarget section */

/* Begin PBXProject section */
		1F148C1516B428940023DE9A /* Project object */ = {
			isa = PBXProject;
			attributes = {
				LastUpgradeCheck = 0450;
				ORGANIZATIONNAME = "Marcel Kraan";
			};
			buildConfigurationList = 1F148C1816B428940023DE9A /* Build configuration list for PBXProject "Simpleteapp" */;
			compatibilityVersion = "Xcode 3.2";
			developmentRegion = English;
			hasScannedForEncodings = 0;
			knownRegions = (
				en,
			);
			mainGroup = 1F148C1316B428940023DE9A;
			productRefGroup = 1F148C1F16B428940023DE9A /* Products */;
			projectDirPath = "";
			projectRoot = "";
			targets = (
				1F148C1D16B428940023DE9A /* Simpleteapp */,
				1F148C3E16B428950023DE9A /* SimpleteappTests */,
			);
		};
/* End PBXProject section */

/* Begin PBXResourcesBuildPhase section */
		1F148C1C16B428940023DE9A /* Resources */ = {
			isa = PBXResourcesBuildPhase;
			buildActionMask = 2147483647;
			files = (
				1F148C2D16B428940023DE9A /* InfoPlist.strings in Resources */,
				1F148C3316B428940023DE9A /* Credits.rtf in Resources */,
				1F148C3916B428950023DE9A /* MainMenu.xib in Resources */,
				1F811F1A16B440F500930532 /* hideme.icns in Resources */,
			);
			runOnlyForDeploymentPostprocessing = 0;
		};
		1F148C3C16B428950023DE9A /* Resources */ = {
			isa = PBXResourcesBuildPhase;
			buildActionMask = 2147483647;
			files = (
				1F148C4A16B428950023DE9A /* InfoPlist.strings in Resources */,
			);
			runOnlyForDeploymentPostprocessing = 0;
		};
/* End PBXResourcesBuildPhase section */

/* Begin PBXShellScriptBuildPhase section */
		1F148C3D16B428950023DE9A /* ShellScript */ = {
			isa = PBXShellScriptBuildPhase;
			buildActionMask = 2147483647;
			files = (
			);
			inputPaths = (
			);
			outputPaths = (
			);
			runOnlyForDeploymentPostprocessing = 0;
			shellPath = /bin/sh;
			shellScript = "# Run the unit tests in this test bundle.\n\"${SYSTEM_DEVELOPER_DIR}/Tools/RunUnitTests\"\n";
		};
/* End PBXShellScriptBuildPhase section */

/* Begin PBXSourcesBuildPhase section */
		1F148C1A16B428940023DE9A /* Sources */ = {
			isa = PBXSourcesBuildPhase;
			buildActionMask = 2147483647;
			files = (
				1F148C2F16B428940023DE9A /* main.m in Sources */,
				1F148C3616B428940023DE9A /* AppDelegate.m in Sources */,
			);
			runOnlyForDeploymentPostprocessing = 0;
		};
		1F148C3A16B428950023DE9A /* Sources */ = {
			isa = PBXSourcesBuildPhase;
			buildActionMask = 2147483647;
			files = (
				1F148C4D16B428950023DE9A /* SimpleteappTests.m in Sources */,
			);
			runOnlyForDeploymentPostprocessing = 0;
		};
/* End PBXSourcesBuildPhase section */

/* Begin PBXTargetDependency section */
		1F148C4416B428950023DE9A /* PBXTargetDependency */ = {
			isa = PBXTargetDependency;
			target = 1F148C1D16B428940023DE9A /* Simpleteapp */;
			targetProxy = 1F148C4316B428950023DE9A /* PBXContainerItemProxy */;
		};
/* End PBXTargetDependency section */

/* Begin PBXVariantGroup section */
		1F148C2B16B428940023DE9A /* InfoPlist.strings */ = {
			isa = PBXVariantGroup;
			children = (
				1F148C2C16B428940023DE9A /* en */,
			);
			name = InfoPlist.strings;
			sourceTree = "<group>";
		};
		1F148C3116B428940023DE9A /* Credits.rtf */ = {
			isa = PBXVariantGroup;
			children = (
				1F148C3216B428940023DE9A /* en */,
			);
			name = Credits.rtf;
			sourceTree = "<group>";
		};
		1F148C3716B428950023DE9A /* MainMenu.xib */ = {
			isa = PBXVariantGroup;
			children = (
				1F148C3816B428950023DE9A /* en */,
			);
			name = MainMenu.xib;
			sourceTree = "<group>";
		};
		1F148C4816B428950023DE9A /* InfoPlist.strings */ = {
			isa = PBXVariantGroup;
			children = (
				1F148C4916B428950023DE9A /* en */,
			);
			name = InfoPlist.strings;
			sourceTree = "<group>";
		};
/* End PBXVariantGroup section */

/* Begin XCBuildConfiguration section */
		1F148C4E16B428950023DE9A /* Debug */ = {
			isa = XCBuildConfiguration;
			buildSettings = {
				ALWAYS_SEARCH_USER_PATHS = NO;
				ARCHS = "$(ARCHS_STANDARD_64_BIT)";
				CLANG_CXX_LANGUAGE_STANDARD = "gnu++0x";
				CLANG_CXX_LIBRARY = "libc++";
				CLANG_ENABLE_OBJC_ARC = YES;
				CLANG_WARN_EMPTY_BODY = YES;
				CLANG_WARN__DUPLICATE_METHOD_MATCH = YES;
				COPY_PHASE_STRIP = NO;
				GCC_C_LANGUAGE_STANDARD = gnu99;
				GCC_DYNAMIC_NO_PIC = NO;
				GCC_ENABLE_OBJC_EXCEPTIONS = YES;
				GCC_OPTIMIZATION_LEVEL = 0;
				GCC_PREPROCESSOR_DEFINITIONS = (
					"DEBUG=1",
					"$(inherited)",
				);
				GCC_SYMBOLS_PRIVATE_EXTERN = NO;
				GCC_WARN_64_TO_32_BIT_CONVERSION = YES;
				GCC_WARN_ABOUT_RETURN_TYPE = YES;
				GCC_WARN_UNINITIALIZED_AUTOS = YES;
				GCC_WARN_UNUSED_VARIABLE = YES;
				MACOSX_DEPLOYMENT_TARGET = 10.8;
				ONLY_ACTIVE_ARCH = YES;
				SDKROOT = macosx;
			};
			name = Debug;
		};
		1F148C4F16B428950023DE9A /* Release */ = {
			isa = XCBuildConfiguration;
			buildSettings = {
				ALWAYS_SEARCH_USER_PATHS = NO;
				ARCHS = "$(ARCHS_STANDARD_64_BIT)";
				CLANG_CXX_LANGUAGE_STANDARD = "gnu++0x";
				CLANG_CXX_LIBRARY = "libc++";
				CLANG_ENABLE_OBJC_ARC = YES;
				CLANG_WARN_EMPTY_BODY = YES;
				CLANG_WARN__DUPLICATE_METHOD_MATCH = YES;
				COPY_PHASE_STRIP = YES;
				DEBUG_INFORMATION_FORMAT = "dwarf-with-dsym";
				GCC_C_LANGUAGE_STANDARD = gnu99;
				GCC_ENABLE_OBJC_EXCEPTIONS = YES;
				GCC_WARN_64_TO_32_BIT_CONVERSION = YES;
				GCC_WARN_ABOUT_RETURN_TYPE = YES;
				GCC_WARN_UNINITIALIZED_AUTOS = YES;
				GCC_WARN_UNUSED_VARIABLE = YES;
				MACOSX_DEPLOYMENT_TARGET = 10.8;
				SDKROOT = macosx;
			};
			name = Release;
		};
		1F148C5116B428950023DE9A /* Debug */ = {
			isa = XCBuildConfiguration;
			buildSettings = {
				COMBINE_HIDPI_IMAGES = YES;
				GCC_PRECOMPILE_PREFIX_HEADER = YES;
				GCC_PREFIX_HEADER = "Simpleteapp/Simpleteapp-Prefix.pch";
				INFOPLIST_FILE = "Simpleteapp/Simpleteapp-Info.plist";
				PRODUCT_NAME = "$(TARGET_NAME)";
				WRAPPER_EXTENSION = app;
			};
			name = Debug;
		};
		1F148C5216B428950023DE9A /* Release */ = {
			isa = XCBuildConfiguration;
			buildSettings = {
				COMBINE_HIDPI_IMAGES = YES;
				GCC_PRECOMPILE_PREFIX_HEADER = YES;
				GCC_PREFIX_HEADER = "Simpleteapp/Simpleteapp-Prefix.pch";
				INFOPLIST_FILE = "Simpleteapp/Simpleteapp-Info.plist";
				PRODUCT_NAME = "$(TARGET_NAME)";
				WRAPPER_EXTENSION = app;
			};
			name = Release;
		};
		1F148C5416B428950023DE9A /* Debug */ = {
			isa = XCBuildConfiguration;
			buildSettings = {
				BUNDLE_LOADER = "$(BUILT_PRODUCTS_DIR)/Simpleteapp.app/Contents/MacOS/Simpleteapp";
				COMBINE_HIDPI_IMAGES = YES;
				FRAMEWORK_SEARCH_PATHS = "\"$(DEVELOPER_LIBRARY_DIR)/Frameworks\"";
				GCC_PRECOMPILE_PREFIX_HEADER = YES;
				GCC_PREFIX_HEADER = "Simpleteapp/Simpleteapp-Prefix.pch";
				INFOPLIST_FILE = "SimpleteappTests/SimpleteappTests-Info.plist";
				PRODUCT_NAME = "$(TARGET_NAME)";
				TEST_HOST = "$(BUNDLE_LOADER)";
				WRAPPER_EXTENSION = octest;
			};
			name = Debug;
		};
		1F148C5516B428950023DE9A /* Release */ = {
			isa = XCBuildConfiguration;
			buildSettings = {
				BUNDLE_LOADER = "$(BUILT_PRODUCTS_DIR)/Simpleteapp.app/Contents/MacOS/Simpleteapp";
				COMBINE_HIDPI_IMAGES = YES;
				FRAMEWORK_SEARCH_PATHS = "\"$(DEVELOPER_LIBRARY_DIR)/Frameworks\"";
				GCC_PRECOMPILE_PREFIX_HEADER = YES;
				GCC_PREFIX_HEADER = "Simpleteapp/Simpleteapp-Prefix.pch";
				INFOPLIST_FILE = "SimpleteappTests/SimpleteappTests-Info.plist";
				PRODUCT_NAME = "$(TARGET_NAME)";
				TEST_HOST = "$(BUNDLE_LOADER)";
				WRAPPER_EXTENSION = octest;
			};
			name = Release;
		};
/* End XCBuildConfiguration section */

/* Begin XCConfigurationList section */
		1F148C1816B428940023DE9A /* Build configuration list for PBXProject "Simpleteapp" */ = {
			isa = XCConfigurationList;
			buildConfigurations = (
				1F148C4E16B428950023DE9A /* Debug */,
				1F148C4F16B428950023DE9A /* Release */,
			);
			defaultConfigurationIsVisible = 0;
			defaultConfigurationName = Release;
		};
		1F148C5016B428950023DE9A /* Build configuration list for PBXNativeTarget "Simpleteapp" */ = {
			isa = XCConfigurationList;
			buildConfigurations = (
				1F148C5116B428950023DE9A /* Debug */,
				1F148C5216B428950023DE9A /* Release */,
			);
			defaultConfigurationIsVisible = 0;
			defaultConfigurationName = Release;
		};
		1F148C5316B428950023DE9A /* Build configuration list for PBXNativeTarget "SimpleteappTests" */ = {
			isa = XCConfigurationList;
			buildConfigurations = (
				1F148C5416B428950023DE9A /* Debug */,
				1F148C5516B428950023DE9A /* Release */,
			);
			defaultConfigurationIsVisible = 0;
			defaultConfigurationName = Release;
		};
/* End XCConfigurationList section */
	};
	rootObject = 1F148C1516B428940023DE9A /* Project object */;
}
